
Microsoft Visual Studio Solution File, Format Version 12.00
# Visual Studio Version 17
VisualStudioVersion = 17.1.32328.378
MinimumVisualStudioVersion = 10.0.40219.1
Project("{9A19103F-16F7-4668-BE54-9A1E7A4F7556}") = "l2.scrum-board", "scrum-board\l2.scrum-board.csproj", "{5CE2AE04-325F-4811-AAE4-BE572B74A9AB}"
EndProject
Project("{2150E333-8FDC-42A3-9474-1A3956D46DE8}") = "Solution Items", "Solution Items", "{92F75113-0CBE-43D1-8402-7CBFA63EED31}"
	ProjectSection(SolutionItems) = preProject
		.editorconfig = .editorconfig
	EndProjectSection
EndProject
Project("{FAE04EC0-301F-11D3-BF4B-00C04F79EFBC}") = "Scrum_Board_Tests", "Scrum_Board_Tests\Scrum_Board_Tests.csproj", "{BAA4B4CE-1171-4517-AFAB-7AC2D3676567}"
EndProject
Global
	GlobalSection(SolutionConfigurationPlatforms) = preSolution
		Debug|Any CPU = Debug|Any CPU
		Release|Any CPU = Release|Any CPU
	EndGlobalSection
	GlobalSection(ProjectConfigurationPlatforms) = postSolution
		{5CE2AE04-325F-4811-AAE4-BE572B74A9AB}.Debug|Any CPU.ActiveCfg = Debug|Any CPU
		{5CE2AE04-325F-4811-AAE4-BE572B74A9AB}.Debug|Any CPU.Build.0 = Debug|Any CPU
		{5CE2AE04-325F-4811-AAE4-BE572B74A9AB}.Release|Any CPU.ActiveCfg = Release|Any CPU
		{5CE2AE04-325F-4811-AAE4-BE572B74A9AB}.Release|Any CPU.Build.0 = Release|Any CPU
		{BAA4B4CE-1171-4517-AFAB-7AC2D3676567}.Debug|Any CPU.ActiveCfg = Debug|Any CPU
		{BAA4B4CE-1171-4517-AFAB-7AC2D3676567}.Debug|Any CPU.Build.0 = Debug|Any CPU
		{BAA4B4CE-1171-4517-AFAB-7AC2D3676567}.Release|Any CPU.ActiveCfg = Release|Any CPU
		{BAA4B4CE-1171-4517-AFAB-7AC2D3676567}.Release|Any CPU.Build.0 = Release|Any CPU
	EndGlobalSection
	GlobalSection(SolutionProperties) = preSolution
		HideSolutionNode = FALSE
	EndGlobalSection
	GlobalSection(ExtensibilityGlobals) = postSolution
		SolutionGuid = {2FD7E1D6-EB9F-4B57-9B5A-4EB50B58ADF9}
	EndGlobalSection
EndGlobal
